{
  "name": "construtor-rankly",
  "lockfileVersion": 3,
  "requires": true,
  "packages": {
    "": {
      "name": "construtor-rankly",
      "devDependencies": {
        "@fontsource-variable/cormorant-garamond": "^5.3.0",
        "@fontsource-variable/dm-sans": "^5.2.0",
        "@fontsource-variable/manrope": "^5.2.0",
        "@fontsource-variable/mulish": "^5.3.0",
        "@fontsource-variable/nunito": "^5.2.0",
        "@fontsource-variable/plus-jakarta-sans": "^5.3.0",
        "@fontsource-variable/sora": "^5.3.0",
        "@fontsource-variable/source-sans-3": "^5.2.0",
        "@fontsource/dm-serif-display": "^5.2.0",
        "@fontsource/libre-caslon-text": "^5.2.0",
        "@phosphor-icons/core": "^2.1.1",
        "@playwright/test": "^1.56.1",
        "healthicons": "^2.0.0",
        "mustache": "^4.2.0"
      }
    },
    "node_modules/@fontsource-variable/cormorant-garamond": {
      "version": "5.3.0",
      "resolved": "https://registry.npmjs.org/@fontsource-variable/cormorant-garamond/-/cormorant-garamond-5.3.0.tgz",
      "integrity": "sha512-rgZJ/5w3hi60swAPnrOXpZf5wEH6NTrvm4H8D9Y4b1QIFUqlX14eM3QTMU/eAznjfh0eXpO1QUqsFhiy58aoMg==",
      "dev": true,
      "license": "OFL-1.1",
      "funding": {
        "url": "https://github.com/sponsors/ayuhito"
      }
    },
    "node_modules/@fontsource-variable/dm-sans": {
      "version": "5.3.0",
      "resolved": "https://registry.npmjs.org/@fontsource-variable/dm-sans/-/dm-sans-5.3.0.tgz",
      "integrity": "sha512-BpUG5bqePiDFMBM4ZtLSlPdAIOM990uB1dlXzIf4aw21yQR7BmykedLXXXMqGWsR18aMLOsbWccwJNh3ztTQaA==",
      "dev": true,
      "license": "OFL-1.1",
      "funding": {
        "url": "https://github.com/sponsors/ayuhito"
      }
    },
    "node_modules/@fontsource-variable/manrope": {
      "version": "5.3.0",
      "resolved": "https://registry.npmjs.org/@fontsource-variable/manrope/-/manrope-5.3.0.tgz",
      "integrity": "sha512-6D5dgokHsWDDMtmXHznKa0hK229NN+1a4BLPmUCLqcO1Pw5EEhWY5RFt0AcXnVRAljFFPfRtLkJePQj6LSsV6g==",
      "dev": true,
      "license": "OFL-1.1",
      "funding": {
        "url": "https://github.com/sponsors/ayuhito"
      }
    },
    "node_modules/@fontsource-variable/mulish": {
      "version": "5.3.0",
      "resolved": "https://registry.npmjs.org/@fontsource-variable/mulish/-/mulish-5.3.0.tgz",
      "integrity": "sha512-CLh1WAcz2noJmoAun0/dsE7+0ZO6Kq/MBd+x00CcZ9dmThXqYqdhSssXGOdqb3G9YVaeGOmVkMS5yrZd1BHr9Q==",
      "dev": true,
      "license": "OFL-1.1",
      "funding": {
        "url": "https://github.com/sponsors/ayuhito"
      }
    },
    "node_modules/@fontsource-variable/nunito": {
      "version": "5.3.0",
      "resolved": "https://registry.npmjs.org/@fontsource-variable/nunito/-/nunito-5.3.0.tgz",
      "integrity": "sha512-tw0ch7evIDSwoeUy+0XzocYHfbRWLeCRPJy22KgbrLjDLAbNw/fErBiil10Ssrs3Sjr55zaZrr36a975j8cBkQ==",
      "dev": true,
      "license": "OFL-1.1",
      "funding": {
        "url": "https://github.com/sponsors/ayuhito"
      }
    },
    "node_modules/@fontsource-variable/plus-jakarta-sans": {
      "version": "5.3.0",
      "resolved": "https://registry.npmjs.org/@fontsource-variable/plus-jakarta-sans/-/plus-jakarta-sans-5.3.0.tgz",
      "integrity": "sha512-/l/4r0yyWK9JzAlmA0LiYgGgmJe/Gswt4jTJEzr5QhJfwMbvJZDmYWyW0M4X7yCK69BajMVlV/Lx8g7WDc1+sw==",
      "dev": true,
      "license": "OFL-1.1",
      "funding": {
        "url": "https://github.com/sponsors/ayuhito"
      }
    },
    "node_modules/@fontsource-variable/sora": {
      "version": "5.3.0",
      "resolved": "https://registry.npmjs.org/@fontsource-variable/sora/-/sora-5.3.0.tgz",
      "integrity": "sha512-h8kHta4Z8SkfUGeI82TUy1n3rbrKpBRGwuk4t4qCwto5oEHxlbOFD2yGP+Df5fbmTXwKGn+o667vYp0E4K8Whw==",
      "dev": true,
      "license": "OFL-1.1",
      "funding": {
        "url": "https://github.com/sponsors/ayuhito"
      }
    },
    "node_modules/@fontsource-variable/source-sans-3": {
      "version": "5.3.0",
      "resolved": "https://registry.npmjs.org/@fontsource-variable/source-sans-3/-/source-sans-3-5.3.0.tgz",
      "integrity": "sha512-dpi0GZk7EQe2tYpg6Q0Fx0OmUgnuGu+0rHPgtXqtKhglYmJuP7jZ12Mu1uN+NfRaJRY1Emn8AQJEWzmoZ4wa9g==",
      "dev": true,
      "license": "OFL-1.1",
      "funding": {
        "url": "https://github.com/sponsors/ayuhito"
      }
    },
    "node_modules/@fontsource/dm-serif-display": {
      "version": "5.3.0",
      "resolved": "https://registry.npmjs.org/@fontsource/dm-serif-display/-/dm-serif-display-5.3.0.tgz",
      "integrity": "sha512-ecRclUcYeto9fB7ghkB36H4MtUoaUYFjjornWYYeLCMHzaWEDPk2kIWgZOq0mKBNRxclRSieKcFeLonlMYDTKg==",
      "dev": true,
      "license": "OFL-1.1",
      "funding": {
        "url": "https://github.com/sponsors/ayuhito"
      }
    },
    "node_modules/@fontsource/libre-caslon-text": {
      "version": "5.3.0",
      "resolved": "https://registry.npmjs.org/@fontsource/libre-caslon-text/-/libre-caslon-text-5.3.0.tgz",
      "integrity": "sha512-zuGBMEtekNBbeH4YIbL2sUu8BZKFGr1o6b41v/QPnWaEAOgZHSf4ZFdr90YmRbE3uB5G1oAEIIACgwnFRk/F7w==",
      "dev": true,
      "license": "OFL-1.1",
      "funding": {
        "url": "https://github.com/sponsors/ayuhito"
      }
    },
    "node_modules/@phosphor-icons/core": {
      "version": "2.1.1",
      "resolved": "https://registry.npmjs.org/@phosphor-icons/core/-/core-2.1.1.tgz",
      "integrity": "sha512-v4ARvrip4qBCImOE5rmPUylOEK4iiED9ZyKjcvzuezqMaiRASCHKcRIuvvxL/twvLpkfnEODCOJp5dM4eZilxQ==",
      "dev": true,
      "license": "MIT"
    },
    "node_modules/@playwright/test": {
      "version": "1.56.1",
      "resolved": "https://registry.npmjs.org/@playwright/test/-/test-1.56.1.tgz",
      "integrity": "sha512-vSMYtL/zOcFpvJCW71Q/OEGQb7KYBPAdKh35WNSkaZA75JlAO8ED8UN6GUNTm3drWomcbcqRPFqQbLae8yBTdg==",
      "dev": true,
      "license": "Apache-2.0",
      "dependencies": {
        "playwright": "1.56.1"
      },
      "bin": {
        "playwright": "cli.js"
      },
      "engines": {
        "node": ">=18"
      }
    },
    "node_modules/fsevents": {
      "version": "2.3.2",
      "resolved": "https://registry.npmjs.org/fsevents/-/fsevents-2.3.2.tgz",
      "integrity": "sha512-xiqMQR4xAeHTuB9uWm+fFRcIOgKBMiOBP+eXiyT7jsgVCq1bkVygt00oASowB7EdtpOHaaPgKt812P9ab+DDKA==",
      "dev": true,
      "hasInstallScript": true,
      "license": "MIT",
      "optional": true,
      "os": [
        "darwin"
      ],
      "engines": {
        "node": "^8.16.0 || ^10.6.0 || >=11.0.0"
      }
    },
    "node_modules/healthicons": {
      "version": "2.0.0",
      "resolved": "https://registry.npmjs.org/healthicons/-/healthicons-2.0.0.tgz",
      "integrity": "sha512-fl2Ja5CUwtWqdHf5Q0/V7OEGGQjTHlMrDZy0bwgE5ZvYnVwR51WLlLonl4NY6+7urEJchCnWUJglTUEEUS1dhg==",
      "dev": true,
      "license": "MIT"
    },
    "node_modules/mustache": {
      "version": "4.2.0",
      "resolved": "https://registry.npmjs.org/mustache/-/mustache-4.2.0.tgz",
      "integrity": "sha512-71ippSywq5Yb7/tVYyGbkBggbU8H3u5Rz56fH60jGFgr8uHwxs+aSKeqmluIVzM0m0kB7xQjKS6qPfd0b2ZoqQ==",
      "dev": true,
      "license": "MIT",
      "bin": {
        "mustache": "bin/mustache"
      }
    },
    "node_modules/playwright": {
      "version": "1.56.1",
      "resolved": "https://registry.npmjs.org/playwright/-/playwright-1.56.1.tgz",
      "integrity": "sha512-aFi5B0WovBHTEvpM3DzXTUaeN6eN0qWnTkKx4NQaH4Wvcmc153PdaY2UBdSYKaGYw+UyWXSVyxDUg5DoPEttjw==",
      "dev": true,
      "license": "Apache-2.0",
      "dependencies": {
        "playwright-core": "1.56.1"
      },
      "bin": {
        "playwright": "cli.js"
      },
      "engines": {
        "node": ">=18"
      },
      "optionalDependencies": {
        "fsevents": "2.3.2"
      }
    },
    "node_modules/playwright-core": {
      "version": "1.56.1",
      "resolved": "https://registry.npmjs.org/playwright-core/-/playwright-core-1.56.1.tgz",
      "integrity": "sha512-hutraynyn31F+Bifme+Ps9Vq59hKuUCz7H1kDOcBs+2oGguKkWTU50bBWrtz34OUWmIwpBTWDxaRPXrIXkgvmQ==",
      "dev": true,
      "license": "Apache-2.0",
      "bin": {
        "playwright-core": "cli.js"
      },
      "engines": {
        "node": ">=18"
      }
    }
  }
}
